
Microsoft Visual Studio Solution File, Format Version 12.00
# Visual Studio Version 16
VisualStudioVersion = 16.0.32407.337
MinimumVisualStudioVersion = 10.0.40219.1
Project("{9A19103F-16F7-4668-BE54-9A1E7A4F7556}") = "SportsNews", "SportsNews\SportsNews.csproj", "{57C2BA17-38DB-4F6A-B816-5375BF8ED5D4}"
EndProject
Project("{9A19103F-16F7-4668-BE54-9A1E7A4F7556}") = "SportsNews.Tests", "SportsNews.Tests\SportsNews.Tests.csproj", "{DBF6CAE8-CD26-4A4A-B898-C9C4ADCFCEC1}"
EndProject
Global
	GlobalSection(SolutionConfigurationPlatforms) = preSolution
		Debug|Any CPU = Debug|Any CPU
		Release|Any CPU = Release|Any CPU
	EndGlobalSection
	GlobalSection(ProjectConfigurationPlatforms) = postSolution
		{57C2BA17-38DB-4F6A-B816-5375BF8ED5D4}.Debug|Any CPU.ActiveCfg = Debug|Any CPU
		{57C2BA17-38DB-4F6A-B816-5375BF8ED5D4}.Debug|Any CPU.Build.0 = Debug|Any CPU
		{57C2BA17-38DB-4F6A-B816-5375BF8ED5D4}.Release|Any CPU.ActiveCfg = Release|Any CPU
		{57C2BA17-38DB-4F6A-B816-5375BF8ED5D4}.Release|Any CPU.Build.0 = Release|Any CPU
		{DBF6CAE8-CD26-4A4A-B898-C9C4ADCFCEC1}.Debug|Any CPU.ActiveCfg = Debug|Any CPU
		{DBF6CAE8-CD26-4A4A-B898-C9C4ADCFCEC1}.Debug|Any CPU.Build.0 = Debug|Any CPU
		{DBF6CAE8-CD26-4A4A-B898-C9C4ADCFCEC1}.Release|Any CPU.ActiveCfg = Release|Any CPU
		{DBF6CAE8-CD26-4A4A-B898-C9C4ADCFCEC1}.Release|Any CPU.Build.0 = Release|Any CPU
	EndGlobalSection
	GlobalSection(SolutionProperties) = preSolution
		HideSolutionNode = FALSE
	EndGlobalSection
	GlobalSection(ExtensibilityGlobals) = postSolution
		SolutionGuid = {0A9D9792-7635-4EFA-B3B2-8FBF22BA9473}
	EndGlobalSection
EndGlobal
